
Microsoft Visual Studio Solution File, Format Version 12.00
# Visual Studio Version 17
VisualStudioVersion = 17.1.32319.34
MinimumVisualStudioVersion = 10.0.40219.1
Project("{FAE04EC0-301F-11D3-BF4B-00C04F79EFBC}") = "Hospital", "Hospital\Hospital.csproj", "{BC844671-7381-458F-8871-2A2E3F9665D0}"
EndProject
Global
	GlobalSection(SolutionConfigurationPlatforms) = preSolution
		Debug|Any CPU = Debug|Any CPU
		Release|Any CPU = Release|Any CPU
	EndGlobalSection
	GlobalSection(ProjectConfigurationPlatforms) = postSolution
		{BC844671-7381-458F-8871-2A2E3F9665D0}.Debug|Any CPU.ActiveCfg = Debug|Any CPU
		{BC844671-7381-458F-8871-2A2E3F9665D0}.Debug|Any CPU.Build.0 = Debug|Any CPU
		{BC844671-7381-458F-8871-2A2E3F9665D0}.Release|Any CPU.ActiveCfg = Release|Any CPU
		{BC844671-7381-458F-8871-2A2E3F9665D0}.Release|Any CPU.Build.0 = Release|Any CPU
	EndGlobalSection
	GlobalSection(SolutionProperties) = preSolution
		HideSolutionNode = FALSE
	EndGlobalSection
	GlobalSection(ExtensibilityGlobals) = postSolution
		SolutionGuid = {9A4F2288-CD78-423A-93CB-6E87F5E72CBE}
	EndGlobalSection
EndGlobal
